
Microsoft Visual Studio Solution File, Format Version 12.00
# Visual Studio Version 17
VisualStudioVersion = 17.1.31911.260
MinimumVisualStudioVersion = 10.0.40219.1
Project("{9A19103F-16F7-4668-BE54-9A1E7A4F7556}") = "Preview10", "Preview10\Preview10.csproj", "{34441197-3B24-4069-BAB7-DD80FE271F58}"
EndProject
Global
	GlobalSection(SolutionConfigurationPlatforms) = preSolution
		Debug|Any CPU = Debug|Any CPU
		Release|Any CPU = Release|Any CPU
	EndGlobalSection
	GlobalSection(ProjectConfigurationPlatforms) = postSolution
		{34441197-3B24-4069-BAB7-DD80FE271F58}.Debug|Any CPU.ActiveCfg = Release|Any CPU
		{34441197-3B24-4069-BAB7-DD80FE271F58}.Debug|Any CPU.Build.0 = Release|Any CPU
		{34441197-3B24-4069-BAB7-DD80FE271F58}.Debug|Any CPU.Deploy.0 = Release|Any CPU
		{34441197-3B24-4069-BAB7-DD80FE271F58}.Release|Any CPU.ActiveCfg = Release|Any CPU
		{34441197-3B24-4069-BAB7-DD80FE271F58}.Release|Any CPU.Build.0 = Release|Any CPU
		{34441197-3B24-4069-BAB7-DD80FE271F58}.Release|Any CPU.Deploy.0 = Release|Any CPU
	EndGlobalSection
	GlobalSection(SolutionProperties) = preSolution
		HideSolutionNode = FALSE
	EndGlobalSection
	GlobalSection(ExtensibilityGlobals) = postSolution
		SolutionGuid = {CAFC8A5E-AC55-48C7-A1C8-F604E97B1D70}
	EndGlobalSection
EndGlobal
